{
  "name": "spa_with_totaljs",
  "version": "0.0.1",
  "lockfileVersion": 1,
  "requires": true,
  "dependencies": {
    "total.js": {
      "version": "3.3.2",
      "resolved": "https://registry.npmjs.org/total.js/-/total.js-3.3.2.tgz",
      "integrity": "sha512-mWbZ47rlHJKqmIaLTNxlCg99t0tgR74MUkXZoNYC8iOq8TbeQaDNM72lVfkwQZUAeiYo0T4zRT5knaajXHPlVw=="
    }
  }
}
